// !$*UTF8*$!
{
	archiveVersion = 1;
	classes = {
	};
	objectVersion = 46;
	objects = {

/* Begin PBXBuildFile section */
		9A91F6551BF5C0DF00B14ACD /* main.m in Sources */ = {isa = PBXBuildFile; fileRef = 9A91F6541BF5C0DF00B14ACD /* main.m */; };
		9A91F6581BF5C0DF00B14ACD /* AppDelegate.m in Sources */ = {isa = PBXBuildFile; fileRef = 9A91F6571BF5C0DF00B14ACD /* AppDelegate.m */; };
		9A91F65B1BF5C0DF00B14ACD /* ViewController.m in Sources */ = {isa = PBXBuildFile; fileRef = 9A91F65A1BF5C0DF00B14ACD /* ViewController.m */; };
		9A91F65E1BF5C0DF00B14ACD /* Main.storyboard in Resources */ = {isa = PBXBuildFile; fileRef = 9A91F65C1BF5C0DF00B14ACD /* Main.storyboard */; };
		9A91F6601BF5C0DF00B14ACD /* Assets.xcassets in Resources */ = {isa = PBXBuildFile; fileRef = 9A91F65F1BF5C0DF00B14ACD /* Assets.xcassets */; };
		9A91F6631BF5C0DF00B14ACD /* LaunchScreen.storyboard in Resources */ = {isa = PBXBuildFile; fileRef = 9A91F6611BF5C0DF00B14ACD /* LaunchScreen.storyboard */; };
		9A91F66D1BF5C1B900B14ACD /* Contact.m in Sources */ = {isa = PBXBuildFile; fileRef = 9A91F66C1BF5C1B900B14ACD /* Contact.m */; settings = {ASSET_TAGS = (); }; };
/* End PBXBuildFile section */

/* Begin PBXFileReference section */
		9A91F6501BF5C0DF00B14ACD /* GCDExercise.app */ = {isa = PBXFileReference; explicitFileType = wrapper.application; includeInIndex = 0; path = GCDExercise.app; sourceTree = BUILT_PRODUCTS_DIR; };
		9A91F6541BF5C0DF00B14ACD /* main.m */ = {isa = PBXFileReference; lastKnownFileType = sourcecode.c.objc; path = main.m; sourceTree = "<group>"; };
		9A91F6561BF5C0DF00B14ACD /* AppDelegate.h */ = {isa = PBXFileReference; lastKnownFileType = sourcecode.c.h; path = AppDelegate.h; sourceTree = "<group>"; };
		9A91F6571BF5C0DF00B14ACD /* AppDelegate.m */ = {isa = PBXFileReference; lastKnownFileType = sourcecode.c.objc; path = AppDelegate.m; sourceTree = "<group>"; };
		9A91F6591BF5C0DF00B14ACD /* ViewController.h */ = {isa = PBXFileReference; lastKnownFileType = sourcecode.c.h; path = ViewController.h; sourceTree = "<group>"; };
		9A91F65A1BF5C0DF00B14ACD /* ViewController.m */ = {isa = PBXFileReference; lastKnownFileType = sourcecode.c.objc; path = ViewController.m; sourceTree = "<group>"; };
		9A91F65D1BF5C0DF00B14ACD /* Base */ = {isa = PBXFileReference; lastKnownFileType = file.storyboard; name = Base; path = Base.lproj/Main.storyboard; sourceTree = "<group>"; };
		9A91F65F1BF5C0DF00B14ACD /* Assets.xcassets */ = {isa = PBXFileReference; lastKnownFileType = folder.assetcatalog; path = Assets.xcassets; sourceTree = "<group>"; };
		9A91F6621BF5C0DF00B14ACD /* Base */ = {isa = PBXFileReference; lastKnownFileType = file.storyboard; name = Base; path = Base.lproj/LaunchScreen.storyboard; sourceTree = "<group>"; };
		9A91F6641BF5C0DF00B14ACD /* Info.plist */ = {isa = PBXFileReference; lastKnownFileType = text.plist.xml; path = Info.plist; sourceTree = "<group>"; };
		9A91F66B1BF5C1B900B14ACD /* Contact.h */ = {isa = PBXFileReference; fileEncoding = 4; lastKnownFileType = sourcecode.c.h; path = Contact.h; sourceTree = "<group>"; };
		9A91F66C1BF5C1B900B14ACD /* Contact.m */ = {isa = PBXFileReference; fileEncoding = 4; lastKnownFileType = sourcecode.c.objc; path = Contact.m; sourceTree = "<group>"; };
/* End PBXFileReference section */

/* Begin PBXFrameworksBuildPhase section */
		9A91F64D1BF5C0DF00B14ACD /* Frameworks */ = {
			isa = PBXFrameworksBuildPhase;
			buildActionMask = 2147483647;
			files = (
			);
			runOnlyForDeploymentPostprocessing = 0;
		};
/* End PBXFrameworksBuildPhase section */

/* Begin PBXGroup section */
		9A91F6471BF5C0DF00B14ACD = {
			isa = PBXGroup;
			children = (
				9A91F6521BF5C0DF00B14ACD /* GCDExercise */,
				9A91F6511BF5C0DF00B14ACD /* Products */,
			);
			sourceTree = "<group>";
		};
		9A91F6511BF5C0DF00B14ACD /* Products */ = {
			isa = PBXGroup;
			children = (
				9A91F6501BF5C0DF00B14ACD /* GCDExercise.app */,
			);
			name = Products;
			sourceTree = "<group>";
		};
		9A91F6521BF5C0DF00B14ACD /* GCDExercise */ = {
			isa = PBXGroup;
			children = (
				9A91F66A1BF5C1A100B14ACD /* Model */,
				9A91F6561BF5C0DF00B14ACD /* AppDelegate.h */,
				9A91F6571BF5C0DF00B14ACD /* AppDelegate.m */,
				9A91F6591BF5C0DF00B14ACD /* ViewController.h */,
				9A91F65A1BF5C0DF00B14ACD /* ViewController.m */,
				9A91F65C1BF5C0DF00B14ACD /* Main.storyboard */,
				9A91F65F1BF5C0DF00B14ACD /* Assets.xcassets */,
				9A91F6611BF5C0DF00B14ACD /* LaunchScreen.storyboard */,
				9A91F6641BF5C0DF00B14ACD /* Info.plist */,
				9A91F6531BF5C0DF00B14ACD /* Supporting Files */,
			);
			path = GCDExercise;
			sourceTree = "<group>";
		};
		9A91F6531BF5C0DF00B14ACD /* Supporting Files */ = {
			isa = PBXGroup;
			children = (
				9A91F6541BF5C0DF00B14ACD /* main.m */,
			);
			name = "Supporting Files";
			sourceTree = "<group>";
		};
		9A91F66A1BF5C1A100B14ACD /* Model */ = {
			isa = PBXGroup;
			children = (
				9A91F66B1BF5C1B900B14ACD /* Contact.h */,
				9A91F66C1BF5C1B900B14ACD /* Contact.m */,
			);
			name = Model;
			sourceTree = "<group>";
		};
/* End PBXGroup section */

/* Begin PBXNativeTarget section */
		9A91F64F1BF5C0DF00B14ACD /* GCDExercise */ = {
			isa = PBXNativeTarget;
			buildConfigurationList = 9A91F6671BF5C0DF00B14ACD /* Build configuration list for PBXNativeTarget "GCDExercise" */;
			buildPhases = (
				9A91F64C1BF5C0DF00B14ACD /* Sources */,
				9A91F64D1BF5C0DF00B14ACD /* Frameworks */,
				9A91F64E1BF5C0DF00B14ACD /* Resources */,
			);
			buildRules = (
			);
			dependencies = (
			);
			name = GCDExercise;
			productName = GCDExercise;
			productReference = 9A91F6501BF5C0DF00B14ACD /* GCDExercise.app */;
			productType = "com.apple.product-type.application";
		};
/* End PBXNativeTarget section */

/* Begin PBXProject section */
		9A91F6481BF5C0DF00B14ACD /* Project object */ = {
			isa = PBXProject;
			attributes = {
				LastUpgradeCheck = 0700;
				ORGANIZATIONNAME = "Yin Kokpheng";
				TargetAttributes = {
					9A91F64F1BF5C0DF00B14ACD = {
						CreatedOnToolsVersion = 7.0;
					};
				};
			};
			buildConfigurationList = 9A91F64B1BF5C0DF00B14ACD /* Build configuration list for PBXProject "GCDExercise" */;
			compatibilityVersion = "Xcode 3.2";
			developmentRegion = English;
			hasScannedForEncodings = 0;
			knownRegions = (
				en,
				Base,
			);
			mainGroup = 9A91F6471BF5C0DF00B14ACD;
			productRefGroup = 9A91F6511BF5C0DF00B14ACD /* Products */;
			projectDirPath = "";
			projectRoot = "";
			targets = (
				9A91F64F1BF5C0DF00B14ACD /* GCDExercise */,
			);
		};
/* End PBXProject section */

/* Begin PBXResourcesBuildPhase section */
		9A91F64E1BF5C0DF00B14ACD /* Resources */ = {
			isa = PBXResourcesBuildPhase;
			buildActionMask = 2147483647;
			files = (
				9A91F6631BF5C0DF00B14ACD /* LaunchScreen.storyboard in Resources */,
				9A91F6601BF5C0DF00B14ACD /* Assets.xcassets in Resources */,
				9A91F65E1BF5C0DF00B14ACD /* Main.storyboard in Resources */,
			);
			runOnlyForDeploymentPostprocessing = 0;
		};
/* End PBXResourcesBuildPhase section */

/* Begin PBXSourcesBuildPhase section */
		9A91F64C1BF5C0DF00B14ACD /* Sources */ = {
			isa = PBXSourcesBuildPhase;
			buildActionMask = 2147483647;
			files = (
				9A91F66D1BF5C1B900B14ACD /* Contact.m in Sources */,
				9A91F65B1BF5C0DF00B14ACD /* ViewController.m in Sources */,
				9A91F6581BF5C0DF00B14ACD /* AppDelegate.m in Sources */,
				9A91F6551BF5C0DF00B14ACD /* main.m in Sources */,
			);
			runOnlyForDeploymentPostprocessing = 0;
		};
/* End PBXSourcesBuildPhase section */

/* Begin PBXVariantGroup section */
		9A91F65C1BF5C0DF00B14ACD /* Main.storyboard */ = {
			isa = PBXVariantGroup;
			children = (
				9A91F65D1BF5C0DF00B14ACD /* Base */,
			);
			name = Main.storyboard;
			sourceTree = "<group>";
		};
		9A91F6611BF5C0DF00B14ACD /* LaunchScreen.storyboard */ = {
			isa = PBXVariantGroup;
			children = (
				9A91F6621BF5C0DF00B14ACD /* Base */,
			);
			name = LaunchScreen.storyboard;
			sourceTree = "<group>";
		};
/* End PBXVariantGroup section */

/* Begin XCBuildConfiguration section */
		9A91F6651BF5C0DF00B14ACD /* Debug */ = {
			isa = XCBuildConfiguration;
			buildSettings = {
				ALWAYS_SEARCH_USER_PATHS = NO;
				CLANG_CXX_LANGUAGE_STANDARD = "gnu++0x";
				CLANG_CXX_LIBRARY = "libc++";
				CLANG_ENABLE_MODULES = YES;
				CLANG_ENABLE_OBJC_ARC = YES;
				CLANG_WARN_BOOL_CONVERSION = YES;
				CLANG_WARN_CONSTANT_CONVERSION = YES;
				CLANG_WARN_DIRECT_OBJC_ISA_USAGE = YES_ERROR;
				CLANG_WARN_EMPTY_BODY = YES;
				CLANG_WARN_ENUM_CONVERSION = YES;
				CLANG_WARN_INT_CONVERSION = YES;
				CLANG_WARN_OBJC_ROOT_CLASS = YES_ERROR;
				CLANG_WARN_UNREACHABLE_CODE = YES;
				CLANG_WARN__DUPLICATE_METHOD_MATCH = YES;
				"CODE_SIGN_IDENTITY[sdk=iphoneos*]" = "iPhone Developer";
				COPY_PHASE_STRIP = NO;
				DEBUG_INFORMATION_FORMAT = dwarf;
				ENABLE_STRICT_OBJC_MSGSEND = YES;
				ENABLE_TESTABILITY = YES;
				GCC_C_LANGUAGE_STANDARD = gnu99;
				GCC_DYNAMIC_NO_PIC = NO;
				GCC_NO_COMMON_BLOCKS = YES;
				GCC_OPTIMIZATION_LEVEL = 0;
				GCC_PREPROCESSOR_DEFINITIONS = (
					"DEBUG=1",
					"$(inherited)",
				);
				GCC_WARN_64_TO_32_BIT_CONVERSION = YES;
				GCC_WARN_ABOUT_RETURN_TYPE = YES_ERROR;
				GCC_WARN_UNDECLARED_SELECTOR = YES;
				GCC_WARN_UNINITIALIZED_AUTOS = YES_AGGRESSIVE;
				GCC_WARN_UNUSED_FUNCTION = YES;
				GCC_WARN_UNUSED_VARIABLE = YES;
				IPHONEOS_DEPLOYMENT_TARGET = 9.0;
				MTL_ENABLE_DEBUG_INFO = YES;
				ONLY_ACTIVE_ARCH = YES;
				SDKROOT = iphoneos;
			};
			name = Debug;
		};
		9A91F6661BF5C0DF00B14ACD /* Release */ = {
			isa = XCBuildConfiguration;
			buildSettings = {
				ALWAYS_SEARCH_USER_PATHS = NO;
				CLANG_CXX_LANGUAGE_STANDARD = "gnu++0x";
				CLANG_CXX_LIBRARY = "libc++";
				CLANG_ENABLE_MODULES = YES;
				CLANG_ENABLE_OBJC_ARC = YES;
				CLANG_WARN_BOOL_CONVERSION = YES;
				CLANG_WARN_CONSTANT_CONVERSION = YES;
				CLANG_WARN_DIRECT_OBJC_ISA_USAGE = YES_ERROR;
				CLANG_WARN_EMPTY_BODY = YES;
				CLANG_WARN_ENUM_CONVERSION = YES;
				CLANG_WARN_INT_CONVERSION = YES;
				CLANG_WARN_OBJC_ROOT_CLASS = YES_ERROR;
				CLANG_WARN_UNREACHABLE_CODE = YES;
				CLANG_WARN__DUPLICATE_METHOD_MATCH = YES;
				"CODE_SIGN_IDENTITY[sdk=iphoneos*]" = "iPhone Developer";
				COPY_PHASE_STRIP = NO;
				DEBUG_INFORMATION_FORMAT = "dwarf-with-dsym";
				ENABLE_NS_ASSERTIONS = NO;
				ENABLE_STRICT_OBJC_MSGSEND = YES;
				GCC_C_LANGUAGE_STANDARD = gnu99;
				GCC_NO_COMMON_BLOCKS = YES;
				GCC_WARN_64_TO_32_BIT_CONVERSION = YES;
				GCC_WARN_ABOUT_RETURN_TYPE = YES_ERROR;
				GCC_WARN_UNDECLARED_SELECTOR = YES;
				GCC_WARN_UNINITIALIZED_AUTOS = YES_AGGRESSIVE;
				GCC_WARN_UNUSED_FUNCTION = YES;
				GCC_WARN_UNUSED_VARIABLE = YES;
				IPHONEOS_DEPLOYMENT_TARGET = 9.0;
				MTL_ENABLE_DEBUG_INFO = NO;
				SDKROOT = iphoneos;
				VALIDATE_PRODUCT = YES;
			};
			name = Release;
		};
		9A91F6681BF5C0DF00B14ACD /* Debug */ = {
			isa = XCBuildConfiguration;
			buildSettings = {
				ASSETCATALOG_COMPILER_APPICON_NAME = AppIcon;
				INFOPLIST_FILE = GCDExercise/Info.plist;
				LD_RUNPATH_SEARCH_PATHS = "$(inherited) @executable_path/Frameworks";
				PRODUCT_BUNDLE_IDENTIFIER = com.pheng.app.GCDExercise;
				PRODUCT_NAME = "$(TARGET_NAME)";
			};
			name = Debug;
		};
		9A91F6691BF5C0DF00B14ACD /* Release */ = {
			isa = XCBuildConfiguration;
			buildSettings = {
				ASSETCATALOG_COMPILER_APPICON_NAME = AppIcon;
				INFOPLIST_FILE = GCDExercise/Info.plist;
				LD_RUNPATH_SEARCH_PATHS = "$(inherited) @executable_path/Frameworks";
				PRODUCT_BUNDLE_IDENTIFIER = com.pheng.app.GCDExercise;
				PRODUCT_NAME = "$(TARGET_NAME)";
			};
			name = Release;
		};
/* End XCBuildConfiguration section */

/* Begin XCConfigurationList section */
		9A91F64B1BF5C0DF00B14ACD /* Build configuration list for PBXProject "GCDExercise" */ = {
			isa = XCConfigurationList;
			buildConfigurations = (
				9A91F6651BF5C0DF00B14ACD /* Debug */,
				9A91F6661BF5C0DF00B14ACD /* Release */,
			);
			defaultConfigurationIsVisible = 0;
			defaultConfigurationName = Release;
		};
		9A91F6671BF5C0DF00B14ACD /* Build configuration list for PBXNativeTarget "GCDExercise" */ = {
			isa = XCConfigurationList;
			buildConfigurations = (
				9A91F6681BF5C0DF00B14ACD /* Debug */,
				9A91F6691BF5C0DF00B14ACD /* Release */,
			);
			defaultConfigurationIsVisible = 0;
		};
/* End XCConfigurationList section */
	};
	rootObject = 9A91F6481BF5C0DF00B14ACD /* Project object */;
}
